
Microsoft Visual Studio Solution File, Format Version 12.00
# Visual Studio 14
VisualStudioVersion = 14.0.25420.1
MinimumVisualStudioVersion = 10.0.40219.1
Project("{D954291E-2A0B-460D-934E-DC6B0785DB48}") = "Navigation_Page", "Navigation_Page\Navigation_Page\Navigation_Page.shproj", "{C94322D6-2405-4602-B777-4FEE6AE86A3F}"
EndProject
Project("{FAE04EC0-301F-11D3-BF4B-00C04F79EFBC}") = "Navigation_Page.Droid", "Navigation_Page\Navigation_Page.Droid\Navigation_Page.Droid.csproj", "{46E22041-0B7E-49DB-BEC9-D76DACE660F7}"
EndProject
Project("{FAE04EC0-301F-11D3-BF4B-00C04F79EFBC}") = "Navigation_Page.iOS", "Navigation_Page\Navigation_Page.iOS\Navigation_Page.iOS.csproj", "{60B429C4-FDE2-4EEC-A6A3-C725EB47553E}"
EndProject
Project("{FAE04EC0-301F-11D3-BF4B-00C04F79EFBC}") = "Navigation_Page.WinPhone", "Navigation_Page\Navigation_Page.WinPhone\Navigation_Page.WinPhone.csproj", "{6B5E2D8C-A164-453B-B024-E7AACB3A5982}"
EndProject
Project("{FAE04EC0-301F-11D3-BF4B-00C04F79EFBC}") = "Navigation_Page.UWP", "Navigation_Page\Navigation_Page.UWP\Navigation_Page.UWP.csproj", "{CE5AE17F-F1C4-4D64-A472-9003CF2C3C60}"
EndProject
Project("{FAE04EC0-301F-11D3-BF4B-00C04F79EFBC}") = "Navigation_Page.Windows", "Navigation_Page\Navigation_Page.Windows\Navigation_Page.Windows.csproj", "{F2999452-D0A2-4576-8C1F-E0A06C23E295}"
EndProject
Global
	GlobalSection(SharedMSBuildProjectFiles) = preSolution
		Navigation_Page\Navigation_Page\Navigation_Page.projitems*{46e22041-0b7e-49db-bec9-d76dace660f7}*SharedItemsImports = 4
		Navigation_Page\Navigation_Page\Navigation_Page.projitems*{60b429c4-fde2-4eec-a6a3-c725eb47553e}*SharedItemsImports = 4
		Navigation_Page\Navigation_Page\Navigation_Page.projitems*{6b5e2d8c-a164-453b-b024-e7aacb3a5982}*SharedItemsImports = 4
		Navigation_Page\Navigation_Page\Navigation_Page.projitems*{c94322d6-2405-4602-b777-4fee6ae86a3f}*SharedItemsImports = 13
		Navigation_Page\Navigation_Page\Navigation_Page.projitems*{ce5ae17f-f1c4-4d64-a472-9003cf2c3c60}*SharedItemsImports = 4
		Navigation_Page\Navigation_Page\Navigation_Page.projitems*{f2999452-d0a2-4576-8c1f-e0a06c23e295}*SharedItemsImports = 4
	EndGlobalSection
	GlobalSection(SolutionConfigurationPlatforms) = preSolution
		Ad-Hoc|Any CPU = Ad-Hoc|Any CPU
		Ad-Hoc|ARM = Ad-Hoc|ARM
		Ad-Hoc|iPhone = Ad-Hoc|iPhone
		Ad-Hoc|iPhoneSimulator = Ad-Hoc|iPhoneSimulator
		Ad-Hoc|x64 = Ad-Hoc|x64
		Ad-Hoc|x86 = Ad-Hoc|x86
		AppStore|Any CPU = AppStore|Any CPU
		AppStore|ARM = AppStore|ARM
		AppStore|iPhone = AppStore|iPhone
		AppStore|iPhoneSimulator = AppStore|iPhoneSimulator
		AppStore|x64 = AppStore|x64
		AppStore|x86 = AppStore|x86
		Debug|Any CPU = Debug|Any CPU
		Debug|ARM = Debug|ARM
		Debug|iPhone = Debug|iPhone
		Debug|iPhoneSimulator = Debug|iPhoneSimulator
		Debug|x64 = Debug|x64
		Debug|x86 = Debug|x86
		Release|Any CPU = Release|Any CPU
		Release|ARM = Release|ARM
		Release|iPhone = Release|iPhone
		Release|iPhoneSimulator = Release|iPhoneSimulator
		Release|x64 = Release|x64
		Release|x86 = Release|x86
	EndGlobalSection
	GlobalSection(ProjectConfigurationPlatforms) = postSolution
		{46E22041-0B7E-49DB-BEC9-D76DACE660F7}.Ad-Hoc|Any CPU.ActiveCfg = Release|Any CPU
		{46E22041-0B7E-49DB-BEC9-D76DACE660F7}.Ad-Hoc|Any CPU.Build.0 = Release|Any CPU
		{46E22041-0B7E-49DB-BEC9-D76DACE660F7}.Ad-Hoc|Any CPU.Deploy.0 = Release|Any CPU
		{46E22041-0B7E-49DB-BEC9-D76DACE660F7}.Ad-Hoc|ARM.ActiveCfg = Release|Any CPU
		{46E22041-0B7E-49DB-BEC9-D76DACE660F7}.Ad-Hoc|ARM.Build.0 = Release|Any CPU
		{46E22041-0B7E-49DB-BEC9-D76DACE660F7}.Ad-Hoc|ARM.Deploy.0 = Release|Any CPU
		{46E22041-0B7E-49DB-BEC9-D76DACE660F7}.Ad-Hoc|iPhone.ActiveCfg = Release|Any CPU
		{46E22041-0B7E-49DB-BEC9-D76DACE660F7}.Ad-Hoc|iPhone.Build.0 = Release|Any CPU
		{46E22041-0B7E-49DB-BEC9-D76DACE660F7}.Ad-Hoc|iPhone.Deploy.0 = Release|Any CPU
		{46E22041-0B7E-49DB-BEC9-D76DACE660F7}.Ad-Hoc|iPhoneSimulator.ActiveCfg = Release|Any CPU
		{46E22041-0B7E-49DB-BEC9-D76DACE660F7}.Ad-Hoc|iPhoneSimulator.Build.0 = Release|Any CPU
		{46E22041-0B7E-49DB-BEC9-D76DACE660F7}.Ad-Hoc|iPhoneSimulator.Deploy.0 = Release|Any CPU
		{46E22041-0B7E-49DB-BEC9-D76DACE660F7}.Ad-Hoc|x64.ActiveCfg = Release|Any CPU
		{46E22041-0B7E-49DB-BEC9-D76DACE660F7}.Ad-Hoc|x64.Build.0 = Release|Any CPU
		{46E22041-0B7E-49DB-BEC9-D76DACE660F7}.Ad-Hoc|x64.Deploy.0 = Release|Any CPU
		{46E22041-0B7E-49DB-BEC9-D76DACE660F7}.Ad-Hoc|x86.ActiveCfg = Release|Any CPU
		{46E22041-0B7E-49DB-BEC9-D76DACE660F7}.Ad-Hoc|x86.Build.0 = Release|Any CPU
		{46E22041-0B7E-49DB-BEC9-D76DACE660F7}.Ad-Hoc|x86.Deploy.0 = Release|Any CPU
		{46E22041-0B7E-49DB-BEC9-D76DACE660F7}.AppStore|Any CPU.ActiveCfg = Release|Any CPU
		{46E22041-0B7E-49DB-BEC9-D76DACE660F7}.AppStore|Any CPU.Build.0 = Release|Any CPU
		{46E22041-0B7E-49DB-BEC9-D76DACE660F7}.AppStore|Any CPU.Deploy.0 = Release|Any CPU
		{46E22041-0B7E-49DB-BEC9-D76DACE660F7}.AppStore|ARM.ActiveCfg = Release|Any CPU
		{46E22041-0B7E-49DB-BEC9-D76DACE660F7}.AppStore|ARM.Build.0 = Release|Any CPU
		{46E22041-0B7E-49DB-BEC9-D76DACE660F7}.AppStore|ARM.Deploy.0 = Release|Any CPU
		{46E22041-0B7E-49DB-BEC9-D76DACE660F7}.AppStore|iPhone.ActiveCfg = Release|Any CPU
		{46E22041-0B7E-49DB-BEC9-D76DACE660F7}.AppStore|iPhone.Build.0 = Release|Any CPU
		{46E22041-0B7E-49DB-BEC9-D76DACE660F7}.AppStore|iPhone.Deploy.0 = Release|Any CPU
		{46E22041-0B7E-49DB-BEC9-D76DACE660F7}.AppStore|iPhoneSimulator.ActiveCfg = Release|Any CPU
		{46E22041-0B7E-49DB-BEC9-D76DACE660F7}.AppStore|iPhoneSimulator.Build.0 = Release|Any CPU
		{46E22041-0B7E-49DB-BEC9-D76DACE660F7}.AppStore|iPhoneSimulator.Deploy.0 = Release|Any CPU
		{46E22041-0B7E-49DB-BEC9-D76DACE660F7}.AppStore|x64.ActiveCfg = Release|Any CPU
		{46E22041-0B7E-49DB-BEC9-D76DACE660F7}.AppStore|x64.Build.0 = Release|Any CPU
		{46E22041-0B7E-49DB-BEC9-D76DACE660F7}.AppStore|x64.Deploy.0 = Release|Any CPU
		{46E22041-0B7E-49DB-BEC9-D76DACE660F7}.AppStore|x86.ActiveCfg = Release|Any CPU
		{46E22041-0B7E-49DB-BEC9-D76DACE660F7}.AppStore|x86.Build.0 = Release|Any CPU
		{46E22041-0B7E-49DB-BEC9-D76DACE660F7}.AppStore|x86.Deploy.0 = Release|Any CPU
		{46E22041-0B7E-49DB-BEC9-D76DACE660F7}.Debug|Any CPU.ActiveCfg = Debug|Any CPU
		{46E22041-0B7E-49DB-BEC9-D76DACE660F7}.Debug|Any CPU.Build.0 = Debug|Any CPU
		{46E22041-0B7E-49DB-BEC9-D76DACE660F7}.Debug|Any CPU.Deploy.0 = Debug|Any CPU
		{46E22041-0B7E-49DB-BEC9-D76DACE660F7}.Debug|ARM.ActiveCfg = Debug|Any CPU
		{46E22041-0B7E-49DB-BEC9-D76DACE660F7}.Debug|ARM.Build.0 = Debug|Any CPU
		{46E22041-0B7E-49DB-BEC9-D76DACE660F7}.Debug|ARM.Deploy.0 = Debug|Any CPU
		{46E22041-0B7E-49DB-BEC9-D76DACE660F7}.Debug|iPhone.ActiveCfg = Debug|Any CPU
		{46E22041-0B7E-49DB-BEC9-D76DACE660F7}.Debug|iPhone.Build.0 = Debug|Any CPU
		{46E22041-0B7E-49DB-BEC9-D76DACE660F7}.Debug|iPhone.Deploy.0 = Debug|Any CPU
		{46E22041-0B7E-49DB-BEC9-D76DACE660F7}.Debug|iPhoneSimulator.ActiveCfg = Debug|Any CPU
		{46E22041-0B7E-49DB-BEC9-D76DACE660F7}.Debug|iPhoneSimulator.Build.0 = Debug|Any CPU
		{46E22041-0B7E-49DB-BEC9-D76DACE660F7}.Debug|iPhoneSimulator.Deploy.0 = Debug|Any CPU
		{46E22041-0B7E-49DB-BEC9-D76DACE660F7}.Debug|x64.ActiveCfg = Debug|Any CPU
		{46E22041-0B7E-49DB-BEC9-D76DACE660F7}.Debug|x64.Build.0 = Debug|Any CPU
		{46E22041-0B7E-49DB-BEC9-D76DACE660F7}.Debug|x64.Deploy.0 = Debug|Any CPU
		{46E22041-0B7E-49DB-BEC9-D76DACE660F7}.Debug|x86.ActiveCfg = Debug|Any CPU
		{46E22041-0B7E-49DB-BEC9-D76DACE660F7}.Debug|x86.Build.0 = Debug|Any CPU
		{46E22041-0B7E-49DB-BEC9-D76DACE660F7}.Debug|x86.Deploy.0 = Debug|Any CPU
		{46E22041-0B7E-49DB-BEC9-D76DACE660F7}.Release|Any CPU.ActiveCfg = Release|Any CPU
		{46E22041-0B7E-49DB-BEC9-D76DACE660F7}.Release|Any CPU.Build.0 = Release|Any CPU
		{46E22041-0B7E-49DB-BEC9-D76DACE660F7}.Release|Any CPU.Deploy.0 = Release|Any CPU
		{46E22041-0B7E-49DB-BEC9-D76DACE660F7}.Release|ARM.ActiveCfg = Release|Any CPU
		{46E22041-0B7E-49DB-BEC9-D76DACE660F7}.Release|ARM.Build.0 = Release|Any CPU
		{46E22041-0B7E-49DB-BEC9-D76DACE660F7}.Release|ARM.Deploy.0 = Release|Any CPU
		{46E22041-0B7E-49DB-BEC9-D76DACE660F7}.Release|iPhone.ActiveCfg = Release|Any CPU
		{46E22041-0B7E-49DB-BEC9-D76DACE660F7}.Release|iPhone.Build.0 = Release|Any CPU
		{46E22041-0B7E-49DB-BEC9-D76DACE660F7}.Release|iPhone.Deploy.0 = Release|Any CPU
		{46E22041-0B7E-49DB-BEC9-D76DACE660F7}.Release|iPhoneSimulator.ActiveCfg = Release|Any CPU
		{46E22041-0B7E-49DB-BEC9-D76DACE660F7}.Release|iPhoneSimulator.Build.0 = Release|Any CPU
		{46E22041-0B7E-49DB-BEC9-D76DACE660F7}.Release|iPhoneSimulator.Deploy.0 = Release|Any CPU
		{46E22041-0B7E-49DB-BEC9-D76DACE660F7}.Release|x64.ActiveCfg = Release|Any CPU
		{46E22041-0B7E-49DB-BEC9-D76DACE660F7}.Release|x64.Build.0 = Release|Any CPU
		{46E22041-0B7E-49DB-BEC9-D76DACE660F7}.Release|x64.Deploy.0 = Release|Any CPU
		{46E22041-0B7E-49DB-BEC9-D76DACE660F7}.Release|x86.ActiveCfg = Release|Any CPU
		{46E22041-0B7E-49DB-BEC9-D76DACE660F7}.Release|x86.Build.0 = Release|Any CPU
		{46E22041-0B7E-49DB-BEC9-D76DACE660F7}.Release|x86.Deploy.0 = Release|Any CPU
		{60B429C4-FDE2-4EEC-A6A3-C725EB47553E}.Ad-Hoc|Any CPU.ActiveCfg = Ad-Hoc|iPhone
		{60B429C4-FDE2-4EEC-A6A3-C725EB47553E}.Ad-Hoc|ARM.ActiveCfg = Ad-Hoc|iPhone
		{60B429C4-FDE2-4EEC-A6A3-C725EB47553E}.Ad-Hoc|iPhone.ActiveCfg = Ad-Hoc|iPhone
		{60B429C4-FDE2-4EEC-A6A3-C725EB47553E}.Ad-Hoc|iPhone.Build.0 = Ad-Hoc|iPhone
		{60B429C4-FDE2-4EEC-A6A3-C725EB47553E}.Ad-Hoc|iPhoneSimulator.ActiveCfg = Ad-Hoc|iPhoneSimulator
		{60B429C4-FDE2-4EEC-A6A3-C725EB47553E}.Ad-Hoc|iPhoneSimulator.Build.0 = Ad-Hoc|iPhoneSimulator
		{60B429C4-FDE2-4EEC-A6A3-C725EB47553E}.Ad-Hoc|x64.ActiveCfg = Ad-Hoc|iPhone
		{60B429C4-FDE2-4EEC-A6A3-C725EB47553E}.Ad-Hoc|x86.ActiveCfg = Ad-Hoc|iPhone
		{60B429C4-FDE2-4EEC-A6A3-C725EB47553E}.AppStore|Any CPU.ActiveCfg = AppStore|iPhone
		{60B429C4-FDE2-4EEC-A6A3-C725EB47553E}.AppStore|ARM.ActiveCfg = AppStore|iPhone
		{60B429C4-FDE2-4EEC-A6A3-C725EB47553E}.AppStore|iPhone.ActiveCfg = AppStore|iPhone
		{60B429C4-FDE2-4EEC-A6A3-C725EB47553E}.AppStore|iPhone.Build.0 = AppStore|iPhone
		{60B429C4-FDE2-4EEC-A6A3-C725EB47553E}.AppStore|iPhoneSimulator.ActiveCfg = AppStore|iPhoneSimulator
		{60B429C4-FDE2-4EEC-A6A3-C725EB47553E}.AppStore|iPhoneSimulator.Build.0 = AppStore|iPhoneSimulator
		{60B429C4-FDE2-4EEC-A6A3-C725EB47553E}.AppStore|x64.ActiveCfg = AppStore|iPhone
		{60B429C4-FDE2-4EEC-A6A3-C725EB47553E}.AppStore|x86.ActiveCfg = AppStore|iPhone
		{60B429C4-FDE2-4EEC-A6A3-C725EB47553E}.Debug|Any CPU.ActiveCfg = Debug|iPhone
		{60B429C4-FDE2-4EEC-A6A3-C725EB47553E}.Debug|ARM.ActiveCfg = Debug|iPhone
		{60B429C4-FDE2-4EEC-A6A3-C725EB47553E}.Debug|iPhone.ActiveCfg = Debug|iPhone
		{60B429C4-FDE2-4EEC-A6A3-C725EB47553E}.Debug|iPhone.Build.0 = Debug|iPhone
		{60B429C4-FDE2-4EEC-A6A3-C725EB47553E}.Debug|iPhoneSimulator.ActiveCfg = Debug|iPhoneSimulator
		{60B429C4-FDE2-4EEC-A6A3-C725EB47553E}.Debug|iPhoneSimulator.Build.0 = Debug|iPhoneSimulator
		{60B429C4-FDE2-4EEC-A6A3-C725EB47553E}.Debug|x64.ActiveCfg = Debug|iPhone
		{60B429C4-FDE2-4EEC-A6A3-C725EB47553E}.Debug|x86.ActiveCfg = Debug|iPhone
		{60B429C4-FDE2-4EEC-A6A3-C725EB47553E}.Release|Any CPU.ActiveCfg = Release|iPhone
		{60B429C4-FDE2-4EEC-A6A3-C725EB47553E}.Release|ARM.ActiveCfg = Release|iPhone
		{60B429C4-FDE2-4EEC-A6A3-C725EB47553E}.Release|iPhone.ActiveCfg = Release|iPhone
		{60B429C4-FDE2-4EEC-A6A3-C725EB47553E}.Release|iPhone.Build.0 = Release|iPhone
		{60B429C4-FDE2-4EEC-A6A3-C725EB47553E}.Release|iPhoneSimulator.ActiveCfg = Release|iPhoneSimulator
		{60B429C4-FDE2-4EEC-A6A3-C725EB47553E}.Release|iPhoneSimulator.Build.0 = Release|iPhoneSimulator
		{60B429C4-FDE2-4EEC-A6A3-C725EB47553E}.Release|x64.ActiveCfg = Release|iPhone
		{60B429C4-FDE2-4EEC-A6A3-C725EB47553E}.Release|x86.ActiveCfg = Release|iPhone
		{6B5E2D8C-A164-453B-B024-E7AACB3A5982}.Ad-Hoc|Any CPU.ActiveCfg = Release|Any CPU
		{6B5E2D8C-A164-453B-B024-E7AACB3A5982}.Ad-Hoc|Any CPU.Build.0 = Release|Any CPU
		{6B5E2D8C-A164-453B-B024-E7AACB3A5982}.Ad-Hoc|Any CPU.Deploy.0 = Release|Any CPU
		{6B5E2D8C-A164-453B-B024-E7AACB3A5982}.Ad-Hoc|ARM.ActiveCfg = Release|ARM
		{6B5E2D8C-A164-453B-B024-E7AACB3A5982}.Ad-Hoc|ARM.Build.0 = Release|ARM
		{6B5E2D8C-A164-453B-B024-E7AACB3A5982}.Ad-Hoc|ARM.Deploy.0 = Release|ARM
		{6B5E2D8C-A164-453B-B024-E7AACB3A5982}.Ad-Hoc|iPhone.ActiveCfg = Release|Any CPU
		{6B5E2D8C-A164-453B-B024-E7AACB3A5982}.Ad-Hoc|iPhone.Build.0 = Release|Any CPU
		{6B5E2D8C-A164-453B-B024-E7AACB3A5982}.Ad-Hoc|iPhone.Deploy.0 = Release|Any CPU
		{6B5E2D8C-A164-453B-B024-E7AACB3A5982}.Ad-Hoc|iPhoneSimulator.ActiveCfg = Release|Any CPU
		{6B5E2D8C-A164-453B-B024-E7AACB3A5982}.Ad-Hoc|iPhoneSimulator.Build.0 = Release|Any CPU
		{6B5E2D8C-A164-453B-B024-E7AACB3A5982}.Ad-Hoc|iPhoneSimulator.Deploy.0 = Release|Any CPU
		{6B5E2D8C-A164-453B-B024-E7AACB3A5982}.Ad-Hoc|x64.ActiveCfg = Release|Any CPU
		{6B5E2D8C-A164-453B-B024-E7AACB3A5982}.Ad-Hoc|x64.Build.0 = Release|Any CPU
		{6B5E2D8C-A164-453B-B024-E7AACB3A5982}.Ad-Hoc|x64.Deploy.0 = Release|Any CPU
		{6B5E2D8C-A164-453B-B024-E7AACB3A5982}.Ad-Hoc|x86.ActiveCfg = Release|x86
		{6B5E2D8C-A164-453B-B024-E7AACB3A5982}.Ad-Hoc|x86.Build.0 = Release|x86
		{6B5E2D8C-A164-453B-B024-E7AACB3A5982}.Ad-Hoc|x86.Deploy.0 = Release|x86
		{6B5E2D8C-A164-453B-B024-E7AACB3A5982}.AppStore|Any CPU.ActiveCfg = Release|Any CPU
		{6B5E2D8C-A164-453B-B024-E7AACB3A5982}.AppStore|Any CPU.Build.0 = Release|Any CPU
		{6B5E2D8C-A164-453B-B024-E7AACB3A5982}.AppStore|Any CPU.Deploy.0 = Release|Any CPU
		{6B5E2D8C-A164-453B-B024-E7AACB3A5982}.AppStore|ARM.ActiveCfg = Release|ARM
		{6B5E2D8C-A164-453B-B024-E7AACB3A5982}.AppStore|ARM.Build.0 = Release|ARM
		{6B5E2D8C-A164-453B-B024-E7AACB3A5982}.AppStore|ARM.Deploy.0 = Release|ARM
		{6B5E2D8C-A164-453B-B024-E7AACB3A5982}.AppStore|iPhone.ActiveCfg = Release|Any CPU
		{6B5E2D8C-A164-453B-B024-E7AACB3A5982}.AppStore|iPhone.Build.0 = Release|Any CPU
		{6B5E2D8C-A164-453B-B024-E7AACB3A5982}.AppStore|iPhone.Deploy.0 = Release|Any CPU
		{6B5E2D8C-A164-453B-B024-E7AACB3A5982}.AppStore|iPhoneSimulator.ActiveCfg = Release|Any CPU
		{6B5E2D8C-A164-453B-B024-E7AACB3A5982}.AppStore|iPhoneSimulator.Build.0 = Release|Any CPU
		{6B5E2D8C-A164-453B-B024-E7AACB3A5982}.AppStore|iPhoneSimulator.Deploy.0 = Release|Any CPU
		{6B5E2D8C-A164-453B-B024-E7AACB3A5982}.AppStore|x64.ActiveCfg = Release|Any CPU
		{6B5E2D8C-A164-453B-B024-E7AACB3A5982}.AppStore|x64.Build.0 = Release|Any CPU
		{6B5E2D8C-A164-453B-B024-E7AACB3A5982}.AppStore|x64.Deploy.0 = Release|Any CPU
		{6B5E2D8C-A164-453B-B024-E7AACB3A5982}.AppStore|x86.ActiveCfg = Release|x86
		{6B5E2D8C-A164-453B-B024-E7AACB3A5982}.AppStore|x86.Build.0 = Release|x86
		{6B5E2D8C-A164-453B-B024-E7AACB3A5982}.AppStore|x86.Deploy.0 = Release|x86
		{6B5E2D8C-A164-453B-B024-E7AACB3A5982}.Debug|Any CPU.ActiveCfg = Debug|Any CPU
		{6B5E2D8C-A164-453B-B024-E7AACB3A5982}.Debug|Any CPU.Build.0 = Debug|Any CPU
		{6B5E2D8C-A164-453B-B024-E7AACB3A5982}.Debug|Any CPU.Deploy.0 = Debug|Any CPU
		{6B5E2D8C-A164-453B-B024-E7AACB3A5982}.Debug|ARM.ActiveCfg = Debug|ARM
		{6B5E2D8C-A164-453B-B024-E7AACB3A5982}.Debug|ARM.Build.0 = Debug|ARM
		{6B5E2D8C-A164-453B-B024-E7AACB3A5982}.Debug|ARM.Deploy.0 = Debug|ARM
		{6B5E2D8C-A164-453B-B024-E7AACB3A5982}.Debug|iPhone.ActiveCfg = Debug|Any CPU
		{6B5E2D8C-A164-453B-B024-E7AACB3A5982}.Debug|iPhone.Build.0 = Debug|Any CPU
		{6B5E2D8C-A164-453B-B024-E7AACB3A5982}.Debug|iPhone.Deploy.0 = Debug|Any CPU
		{6B5E2D8C-A164-453B-B024-E7AACB3A5982}.Debug|iPhoneSimulator.ActiveCfg = Debug|Any CPU
		{6B5E2D8C-A164-453B-B024-E7AACB3A5982}.Debug|iPhoneSimulator.Build.0 = Debug|Any CPU
		{6B5E2D8C-A164-453B-B024-E7AACB3A5982}.Debug|iPhoneSimulator.Deploy.0 = Debug|Any CPU
		{6B5E2D8C-A164-453B-B024-E7AACB3A5982}.Debug|x64.ActiveCfg = Debug|Any CPU
		{6B5E2D8C-A164-453B-B024-E7AACB3A5982}.Debug|x64.Build.0 = Debug|Any CPU
		{6B5E2D8C-A164-453B-B024-E7AACB3A5982}.Debug|x64.Deploy.0 = Debug|Any CPU
		{6B5E2D8C-A164-453B-B024-E7AACB3A5982}.Debug|x86.ActiveCfg = Debug|x86
		{6B5E2D8C-A164-453B-B024-E7AACB3A5982}.Debug|x86.Build.0 = Debug|x86
		{6B5E2D8C-A164-453B-B024-E7AACB3A5982}.Debug|x86.Deploy.0 = Debug|x86
		{6B5E2D8C-A164-453B-B024-E7AACB3A5982}.Release|Any CPU.ActiveCfg = Release|Any CPU
		{6B5E2D8C-A164-453B-B024-E7AACB3A5982}.Release|Any CPU.Build.0 = Release|Any CPU
		{6B5E2D8C-A164-453B-B024-E7AACB3A5982}.Release|Any CPU.Deploy.0 = Release|Any CPU
		{6B5E2D8C-A164-453B-B024-E7AACB3A5982}.Release|ARM.ActiveCfg = Release|ARM
		{6B5E2D8C-A164-453B-B024-E7AACB3A5982}.Release|ARM.Build.0 = Release|ARM
		{6B5E2D8C-A164-453B-B024-E7AACB3A5982}.Release|ARM.Deploy.0 = Release|ARM
		{6B5E2D8C-A164-453B-B024-E7AACB3A5982}.Release|iPhone.ActiveCfg = Release|Any CPU
		{6B5E2D8C-A164-453B-B024-E7AACB3A5982}.Release|iPhone.Build.0 = Release|Any CPU
		{6B5E2D8C-A164-453B-B024-E7AACB3A5982}.Release|iPhone.Deploy.0 = Release|Any CPU
		{6B5E2D8C-A164-453B-B024-E7AACB3A5982}.Release|iPhoneSimulator.ActiveCfg = Release|Any CPU
		{6B5E2D8C-A164-453B-B024-E7AACB3A5982}.Release|iPhoneSimulator.Build.0 = Release|Any CPU
		{6B5E2D8C-A164-453B-B024-E7AACB3A5982}.Release|iPhoneSimulator.Deploy.0 = Release|Any CPU
		{6B5E2D8C-A164-453B-B024-E7AACB3A5982}.Release|x64.ActiveCfg = Release|Any CPU
		{6B5E2D8C-A164-453B-B024-E7AACB3A5982}.Release|x64.Build.0 = Release|Any CPU
		{6B5E2D8C-A164-453B-B024-E7AACB3A5982}.Release|x64.Deploy.0 = Release|Any CPU
		{6B5E2D8C-A164-453B-B024-E7AACB3A5982}.Release|x86.ActiveCfg = Release|x86
		{6B5E2D8C-A164-453B-B024-E7AACB3A5982}.Release|x86.Build.0 = Release|x86
		{6B5E2D8C-A164-453B-B024-E7AACB3A5982}.Release|x86.Deploy.0 = Release|x86
		{CE5AE17F-F1C4-4D64-A472-9003CF2C3C60}.Ad-Hoc|Any CPU.ActiveCfg = Release|x86
		{CE5AE17F-F1C4-4D64-A472-9003CF2C3C60}.Ad-Hoc|Any CPU.Build.0 = Release|x86
		{CE5AE17F-F1C4-4D64-A472-9003CF2C3C60}.Ad-Hoc|Any CPU.Deploy.0 = Release|x86
		{CE5AE17F-F1C4-4D64-A472-9003CF2C3C60}.Ad-Hoc|ARM.ActiveCfg = Release|ARM
		{CE5AE17F-F1C4-4D64-A472-9003CF2C3C60}.Ad-Hoc|ARM.Build.0 = Release|ARM
		{CE5AE17F-F1C4-4D64-A472-9003CF2C3C60}.Ad-Hoc|ARM.Deploy.0 = Release|ARM
		{CE5AE17F-F1C4-4D64-A472-9003CF2C3C60}.Ad-Hoc|iPhone.ActiveCfg = Release|x86
		{CE5AE17F-F1C4-4D64-A472-9003CF2C3C60}.Ad-Hoc|iPhone.Build.0 = Release|x86
		{CE5AE17F-F1C4-4D64-A472-9003CF2C3C60}.Ad-Hoc|iPhone.Deploy.0 = Release|x86
		{CE5AE17F-F1C4-4D64-A472-9003CF2C3C60}.Ad-Hoc|iPhoneSimulator.ActiveCfg = Release|x86
		{CE5AE17F-F1C4-4D64-A472-9003CF2C3C60}.Ad-Hoc|iPhoneSimulator.Build.0 = Release|x86
		{CE5AE17F-F1C4-4D64-A472-9003CF2C3C60}.Ad-Hoc|iPhoneSimulator.Deploy.0 = Release|x86
		{CE5AE17F-F1C4-4D64-A472-9003CF2C3C60}.Ad-Hoc|x64.ActiveCfg = Release|x64
		{CE5AE17F-F1C4-4D64-A472-9003CF2C3C60}.Ad-Hoc|x64.Build.0 = Release|x64
		{CE5AE17F-F1C4-4D64-A472-9003CF2C3C60}.Ad-Hoc|x64.Deploy.0 = Release|x64
		{CE5AE17F-F1C4-4D64-A472-9003CF2C3C60}.Ad-Hoc|x86.ActiveCfg = Release|x86
		{CE5AE17F-F1C4-4D64-A472-9003CF2C3C60}.Ad-Hoc|x86.Build.0 = Release|x86
		{CE5AE17F-F1C4-4D64-A472-9003CF2C3C60}.Ad-Hoc|x86.Deploy.0 = Release|x86
		{CE5AE17F-F1C4-4D64-A472-9003CF2C3C60}.AppStore|Any CPU.ActiveCfg = Release|x86
		{CE5AE17F-F1C4-4D64-A472-9003CF2C3C60}.AppStore|Any CPU.Build.0 = Release|x86
		{CE5AE17F-F1C4-4D64-A472-9003CF2C3C60}.AppStore|Any CPU.Deploy.0 = Release|x86
		{CE5AE17F-F1C4-4D64-A472-9003CF2C3C60}.AppStore|ARM.ActiveCfg = Release|ARM
		{CE5AE17F-F1C4-4D64-A472-9003CF2C3C60}.AppStore|ARM.Build.0 = Release|ARM
		{CE5AE17F-F1C4-4D64-A472-9003CF2C3C60}.AppStore|ARM.Deploy.0 = Release|ARM
		{CE5AE17F-F1C4-4D64-A472-9003CF2C3C60}.AppStore|iPhone.ActiveCfg = Release|x86
		{CE5AE17F-F1C4-4D64-A472-9003CF2C3C60}.AppStore|iPhone.Build.0 = Release|x86
		{CE5AE17F-F1C4-4D64-A472-9003CF2C3C60}.AppStore|iPhone.Deploy.0 = Release|x86
		{CE5AE17F-F1C4-4D64-A472-9003CF2C3C60}.AppStore|iPhoneSimulator.ActiveCfg = Release|x86
		{CE5AE17F-F1C4-4D64-A472-9003CF2C3C60}.AppStore|iPhoneSimulator.Build.0 = Release|x86
		{CE5AE17F-F1C4-4D64-A472-9003CF2C3C60}.AppStore|iPhoneSimulator.Deploy.0 = Release|x86
		{CE5AE17F-F1C4-4D64-A472-9003CF2C3C60}.AppStore|x64.ActiveCfg = Release|x64
		{CE5AE17F-F1C4-4D64-A472-9003CF2C3C60}.AppStore|x64.Build.0 = Release|x64
		{CE5AE17F-F1C4-4D64-A472-9003CF2C3C60}.AppStore|x64.Deploy.0 = Release|x64
		{CE5AE17F-F1C4-4D64-A472-9003CF2C3C60}.AppStore|x86.ActiveCfg = Release|x86
		{CE5AE17F-F1C4-4D64-A472-9003CF2C3C60}.AppStore|x86.Build.0 = Release|x86
		{CE5AE17F-F1C4-4D64-A472-9003CF2C3C60}.AppStore|x86.Deploy.0 = Release|x86
		{CE5AE17F-F1C4-4D64-A472-9003CF2C3C60}.Debug|Any CPU.ActiveCfg = Debug|x86
		{CE5AE17F-F1C4-4D64-A472-9003CF2C3C60}.Debug|ARM.ActiveCfg = Debug|ARM
		{CE5AE17F-F1C4-4D64-A472-9003CF2C3C60}.Debug|ARM.Build.0 = Debug|ARM
		{CE5AE17F-F1C4-4D64-A472-9003CF2C3C60}.Debug|ARM.Deploy.0 = Debug|ARM
		{CE5AE17F-F1C4-4D64-A472-9003CF2C3C60}.Debug|iPhone.ActiveCfg = Debug|x86
		{CE5AE17F-F1C4-4D64-A472-9003CF2C3C60}.Debug|iPhoneSimulator.ActiveCfg = Debug|x86
		{CE5AE17F-F1C4-4D64-A472-9003CF2C3C60}.Debug|x64.ActiveCfg = Debug|x64
		{CE5AE17F-F1C4-4D64-A472-9003CF2C3C60}.Debug|x64.Build.0 = Debug|x64
		{CE5AE17F-F1C4-4D64-A472-9003CF2C3C60}.Debug|x64.Deploy.0 = Debug|x64
		{CE5AE17F-F1C4-4D64-A472-9003CF2C3C60}.Debug|x86.ActiveCfg = Debug|x86
		{CE5AE17F-F1C4-4D64-A472-9003CF2C3C60}.Debug|x86.Build.0 = Debug|x86
		{CE5AE17F-F1C4-4D64-A472-9003CF2C3C60}.Debug|x86.Deploy.0 = Debug|x86
		{CE5AE17F-F1C4-4D64-A472-9003CF2C3C60}.Release|Any CPU.ActiveCfg = Release|x86
		{CE5AE17F-F1C4-4D64-A472-9003CF2C3C60}.Release|ARM.ActiveCfg = Release|ARM
		{CE5AE17F-F1C4-4D64-A472-9003CF2C3C60}.Release|ARM.Build.0 = Release|ARM
		{CE5AE17F-F1C4-4D64-A472-9003CF2C3C60}.Release|ARM.Deploy.0 = Release|ARM
		{CE5AE17F-F1C4-4D64-A472-9003CF2C3C60}.Release|iPhone.ActiveCfg = Release|x86
		{CE5AE17F-F1C4-4D64-A472-9003CF2C3C60}.Release|iPhoneSimulator.ActiveCfg = Release|x86
		{CE5AE17F-F1C4-4D64-A472-9003CF2C3C60}.Release|x64.ActiveCfg = Release|x64
		{CE5AE17F-F1C4-4D64-A472-9003CF2C3C60}.Release|x64.Build.0 = Release|x64
		{CE5AE17F-F1C4-4D64-A472-9003CF2C3C60}.Release|x64.Deploy.0 = Release|x64
		{CE5AE17F-F1C4-4D64-A472-9003CF2C3C60}.Release|x86.ActiveCfg = Release|x86
		{CE5AE17F-F1C4-4D64-A472-9003CF2C3C60}.Release|x86.Build.0 = Release|x86
		{CE5AE17F-F1C4-4D64-A472-9003CF2C3C60}.Release|x86.Deploy.0 = Release|x86
		{F2999452-D0A2-4576-8C1F-E0A06C23E295}.Ad-Hoc|Any CPU.ActiveCfg = Release|Any CPU
		{F2999452-D0A2-4576-8C1F-E0A06C23E295}.Ad-Hoc|Any CPU.Build.0 = Release|Any CPU
		{F2999452-D0A2-4576-8C1F-E0A06C23E295}.Ad-Hoc|Any CPU.Deploy.0 = Release|Any CPU
		{F2999452-D0A2-4576-8C1F-E0A06C23E295}.Ad-Hoc|ARM.ActiveCfg = Release|ARM
		{F2999452-D0A2-4576-8C1F-E0A06C23E295}.Ad-Hoc|ARM.Build.0 = Release|ARM
		{F2999452-D0A2-4576-8C1F-E0A06C23E295}.Ad-Hoc|ARM.Deploy.0 = Release|ARM
		{F2999452-D0A2-4576-8C1F-E0A06C23E295}.Ad-Hoc|iPhone.ActiveCfg = Release|Any CPU
		{F2999452-D0A2-4576-8C1F-E0A06C23E295}.Ad-Hoc|iPhone.Build.0 = Release|Any CPU
		{F2999452-D0A2-4576-8C1F-E0A06C23E295}.Ad-Hoc|iPhone.Deploy.0 = Release|Any CPU
		{F2999452-D0A2-4576-8C1F-E0A06C23E295}.Ad-Hoc|iPhoneSimulator.ActiveCfg = Release|Any CPU
		{F2999452-D0A2-4576-8C1F-E0A06C23E295}.Ad-Hoc|iPhoneSimulator.Build.0 = Release|Any CPU
		{F2999452-D0A2-4576-8C1F-E0A06C23E295}.Ad-Hoc|iPhoneSimulator.Deploy.0 = Release|Any CPU
		{F2999452-D0A2-4576-8C1F-E0A06C23E295}.Ad-Hoc|x64.ActiveCfg = Release|x64
		{F2999452-D0A2-4576-8C1F-E0A06C23E295}.Ad-Hoc|x64.Build.0 = Release|x64
		{F2999452-D0A2-4576-8C1F-E0A06C23E295}.Ad-Hoc|x64.Deploy.0 = Release|x64
		{F2999452-D0A2-4576-8C1F-E0A06C23E295}.Ad-Hoc|x86.ActiveCfg = Release|x86
		{F2999452-D0A2-4576-8C1F-E0A06C23E295}.Ad-Hoc|x86.Build.0 = Release|x86
		{F2999452-D0A2-4576-8C1F-E0A06C23E295}.Ad-Hoc|x86.Deploy.0 = Release|x86
		{F2999452-D0A2-4576-8C1F-E0A06C23E295}.AppStore|Any CPU.ActiveCfg = Release|Any CPU
		{F2999452-D0A2-4576-8C1F-E0A06C23E295}.AppStore|Any CPU.Build.0 = Release|Any CPU
		{F2999452-D0A2-4576-8C1F-E0A06C23E295}.AppStore|Any CPU.Deploy.0 = Release|Any CPU
		{F2999452-D0A2-4576-8C1F-E0A06C23E295}.AppStore|ARM.ActiveCfg = Release|ARM
		{F2999452-D0A2-4576-8C1F-E0A06C23E295}.AppStore|ARM.Build.0 = Release|ARM
		{F2999452-D0A2-4576-8C1F-E0A06C23E295}.AppStore|ARM.Deploy.0 = Release|ARM
		{F2999452-D0A2-4576-8C1F-E0A06C23E295}.AppStore|iPhone.ActiveCfg = Release|Any CPU
		{F2999452-D0A2-4576-8C1F-E0A06C23E295}.AppStore|iPhone.Build.0 = Release|Any CPU
		{F2999452-D0A2-4576-8C1F-E0A06C23E295}.AppStore|iPhone.Deploy.0 = Release|Any CPU
		{F2999452-D0A2-4576-8C1F-E0A06C23E295}.AppStore|iPhoneSimulator.ActiveCfg = Release|Any CPU
		{F2999452-D0A2-4576-8C1F-E0A06C23E295}.AppStore|iPhoneSimulator.Build.0 = Release|Any CPU
		{F2999452-D0A2-4576-8C1F-E0A06C23E295}.AppStore|iPhoneSimulator.Deploy.0 = Release|Any CPU
		{F2999452-D0A2-4576-8C1F-E0A06C23E295}.AppStore|x64.ActiveCfg = Release|x64
		{F2999452-D0A2-4576-8C1F-E0A06C23E295}.AppStore|x64.Build.0 = Release|x64
		{F2999452-D0A2-4576-8C1F-E0A06C23E295}.AppStore|x64.Deploy.0 = Release|x64
		{F2999452-D0A2-4576-8C1F-E0A06C23E295}.AppStore|x86.ActiveCfg = Release|x86
		{F2999452-D0A2-4576-8C1F-E0A06C23E295}.AppStore|x86.Build.0 = Release|x86
		{F2999452-D0A2-4576-8C1F-E0A06C23E295}.AppStore|x86.Deploy.0 = Release|x86
		{F2999452-D0A2-4576-8C1F-E0A06C23E295}.Debug|Any CPU.ActiveCfg = Debug|Any CPU
		{F2999452-D0A2-4576-8C1F-E0A06C23E295}.Debug|Any CPU.Build.0 = Debug|Any CPU
		{F2999452-D0A2-4576-8C1F-E0A06C23E295}.Debug|Any CPU.Deploy.0 = Debug|Any CPU
		{F2999452-D0A2-4576-8C1F-E0A06C23E295}.Debug|ARM.ActiveCfg = Debug|ARM
		{F2999452-D0A2-4576-8C1F-E0A06C23E295}.Debug|ARM.Build.0 = Debug|ARM
		{F2999452-D0A2-4576-8C1F-E0A06C23E295}.Debug|ARM.Deploy.0 = Debug|ARM
		{F2999452-D0A2-4576-8C1F-E0A06C23E295}.Debug|iPhone.ActiveCfg = Debug|Any CPU
		{F2999452-D0A2-4576-8C1F-E0A06C23E295}.Debug|iPhone.Build.0 = Debug|Any CPU
		{F2999452-D0A2-4576-8C1F-E0A06C23E295}.Debug|iPhone.Deploy.0 = Debug|Any CPU
		{F2999452-D0A2-4576-8C1F-E0A06C23E295}.Debug|iPhoneSimulator.ActiveCfg = Debug|Any CPU
		{F2999452-D0A2-4576-8C1F-E0A06C23E295}.Debug|iPhoneSimulator.Build.0 = Debug|Any CPU
		{F2999452-D0A2-4576-8C1F-E0A06C23E295}.Debug|iPhoneSimulator.Deploy.0 = Debug|Any CPU
		{F2999452-D0A2-4576-8C1F-E0A06C23E295}.Debug|x64.ActiveCfg = Debug|x64
		{F2999452-D0A2-4576-8C1F-E0A06C23E295}.Debug|x64.Build.0 = Debug|x64
		{F2999452-D0A2-4576-8C1F-E0A06C23E295}.Debug|x64.Deploy.0 = Debug|x64
		{F2999452-D0A2-4576-8C1F-E0A06C23E295}.Debug|x86.ActiveCfg = Debug|x86
		{F2999452-D0A2-4576-8C1F-E0A06C23E295}.Debug|x86.Build.0 = Debug|x86
		{F2999452-D0A2-4576-8C1F-E0A06C23E295}.Debug|x86.Deploy.0 = Debug|x86
		{F2999452-D0A2-4576-8C1F-E0A06C23E295}.Release|Any CPU.ActiveCfg = Release|Any CPU
		{F2999452-D0A2-4576-8C1F-E0A06C23E295}.Release|Any CPU.Build.0 = Release|Any CPU
		{F2999452-D0A2-4576-8C1F-E0A06C23E295}.Release|Any CPU.Deploy.0 = Release|Any CPU
		{F2999452-D0A2-4576-8C1F-E0A06C23E295}.Release|ARM.ActiveCfg = Release|ARM
		{F2999452-D0A2-4576-8C1F-E0A06C23E295}.Release|ARM.Build.0 = Release|ARM
		{F2999452-D0A2-4576-8C1F-E0A06C23E295}.Release|ARM.Deploy.0 = Release|ARM
		{F2999452-D0A2-4576-8C1F-E0A06C23E295}.Release|iPhone.ActiveCfg = Release|Any CPU
		{F2999452-D0A2-4576-8C1F-E0A06C23E295}.Release|iPhone.Build.0 = Release|Any CPU
		{F2999452-D0A2-4576-8C1F-E0A06C23E295}.Release|iPhone.Deploy.0 = Release|Any CPU
		{F2999452-D0A2-4576-8C1F-E0A06C23E295}.Release|iPhoneSimulator.ActiveCfg = Release|Any CPU
		{F2999452-D0A2-4576-8C1F-E0A06C23E295}.Release|iPhoneSimulator.Build.0 = Release|Any CPU
		{F2999452-D0A2-4576-8C1F-E0A06C23E295}.Release|iPhoneSimulator.Deploy.0 = Release|Any CPU
		{F2999452-D0A2-4576-8C1F-E0A06C23E295}.Release|x64.ActiveCfg = Release|x64
		{F2999452-D0A2-4576-8C1F-E0A06C23E295}.Release|x64.Build.0 = Release|x64
		{F2999452-D0A2-4576-8C1F-E0A06C23E295}.Release|x64.Deploy.0 = Release|x64
		{F2999452-D0A2-4576-8C1F-E0A06C23E295}.Release|x86.ActiveCfg = Release|x86
		{F2999452-D0A2-4576-8C1F-E0A06C23E295}.Release|x86.Build.0 = Release|x86
		{F2999452-D0A2-4576-8C1F-E0A06C23E295}.Release|x86.Deploy.0 = Release|x86
	EndGlobalSection
	GlobalSection(SolutionProperties) = preSolution
		HideSolutionNode = FALSE
	EndGlobalSection
EndGlobal
